
Microsoft Visual Studio Solution File, Format Version 12.00
# Visual Studio Version 17
VisualStudioVersion = 17.10.34928.147
MinimumVisualStudioVersion = 10.0.40219.1
Project("{FAE04EC0-301F-11D3-BF4B-00C04F79EFBC}") = "Assignment6.1.1", "Assignment6.1.1.csproj", "{DF0063C7-ECF9-4EA6-A347-D00A20FDFCC4}"
EndProject
Global
	GlobalSection(SolutionConfigurationPlatforms) = preSolution
		Debug|Any CPU = Debug|Any CPU
		Release|Any CPU = Release|Any CPU
	EndGlobalSection
	GlobalSection(ProjectConfigurationPlatforms) = postSolution
		{DF0063C7-ECF9-4EA6-A347-D00A20FDFCC4}.Debug|Any CPU.ActiveCfg = Debug|Any CPU
		{DF0063C7-ECF9-4EA6-A347-D00A20FDFCC4}.Debug|Any CPU.Build.0 = Debug|Any CPU
		{DF0063C7-ECF9-4EA6-A347-D00A20FDFCC4}.Release|Any CPU.ActiveCfg = Release|Any CPU
		{DF0063C7-ECF9-4EA6-A347-D00A20FDFCC4}.Release|Any CPU.Build.0 = Release|Any CPU
	EndGlobalSection
	GlobalSection(SolutionProperties) = preSolution
		HideSolutionNode = FALSE
	EndGlobalSection
	GlobalSection(ExtensibilityGlobals) = postSolution
		SolutionGuid = {F8BD92E1-1FAC-46A4-92C0-FB48025715AF}
	EndGlobalSection
EndGlobal
